// !$*UTF8*$!
{
	archiveVersion = 1;
	classes = {
	};
	objectVersion = 56;
	objects = {

/* Begin PBXBuildFile section */
		EEEF4B832B81FAFC00CD455C /* MyPlayListApp.swift in Sources */ = {isa = PBXBuildFile; fileRef = EEEF4B822B81FAFC00CD455C /* MyPlayListApp.swift */; };
		EEEF4B852B81FAFC00CD455C /* ContentView.swift in Sources */ = {isa = PBXBuildFile; fileRef = EEEF4B842B81FAFC00CD455C /* ContentView.swift */; };
		EEEF4B872B81FAFF00CD455C /* Assets.xcassets in Resources */ = {isa = PBXBuildFile; fileRef = EEEF4B862B81FAFF00CD455C /* Assets.xcassets */; };
		EEEF4B8A2B81FAFF00CD455C /* Preview Assets.xcassets in Resources */ = {isa = PBXBuildFile; fileRef = EEEF4B892B81FAFF00CD455C /* Preview Assets.xcassets */; };
		EEEF4B982B81FB9300CD455C /* 1.mp3 in Resources */ = {isa = PBXBuildFile; fileRef = EEEF4B902B81FB9100CD455C /* 1.mp3 */; };
		EEEF4B992B81FB9300CD455C /* 2.png in Resources */ = {isa = PBXBuildFile; fileRef = EEEF4B912B81FB9200CD455C /* 2.png */; };
		EEEF4B9A2B81FB9300CD455C /* 1.png in Resources */ = {isa = PBXBuildFile; fileRef = EEEF4B922B81FB9200CD455C /* 1.png */; };
		EEEF4B9B2B81FB9300CD455C /* 4.mp3 in Resources */ = {isa = PBXBuildFile; fileRef = EEEF4B932B81FB9200CD455C /* 4.mp3 */; };
		EEEF4B9C2B81FB9300CD455C /* 3.mp3 in Resources */ = {isa = PBXBuildFile; fileRef = EEEF4B942B81FB9200CD455C /* 3.mp3 */; };
		EEEF4B9D2B81FB9300CD455C /* 3.png in Resources */ = {isa = PBXBuildFile; fileRef = EEEF4B952B81FB9200CD455C /* 3.png */; };
		EEEF4B9E2B81FB9300CD455C /* 4.png in Resources */ = {isa = PBXBuildFile; fileRef = EEEF4B962B81FB9200CD455C /* 4.png */; };
		EEEF4B9F2B81FB9300CD455C /* 2.mp3 in Resources */ = {isa = PBXBuildFile; fileRef = EEEF4B972B81FB9300CD455C /* 2.mp3 */; };
		EEEF4BA12B81FC3700CD455C /* SongInformation.swift in Sources */ = {isa = PBXBuildFile; fileRef = EEEF4BA02B81FC3700CD455C /* SongInformation.swift */; };
		EEEF4BA52B81FD1E00CD455C /* SongView.swift in Sources */ = {isa = PBXBuildFile; fileRef = EEEF4BA42B81FD1E00CD455C /* SongView.swift */; };
/* End PBXBuildFile section */

/* Begin PBXFileReference section */
		EEEF4B7F2B81FAFC00CD455C /* MyPlayList.app */ = {isa = PBXFileReference; explicitFileType = wrapper.application; includeInIndex = 0; path = MyPlayList.app; sourceTree = BUILT_PRODUCTS_DIR; };
		EEEF4B822B81FAFC00CD455C /* MyPlayListApp.swift */ = {isa = PBXFileReference; lastKnownFileType = sourcecode.swift; path = MyPlayListApp.swift; sourceTree = "<group>"; };
		EEEF4B842B81FAFC00CD455C /* ContentView.swift */ = {isa = PBXFileReference; lastKnownFileType = sourcecode.swift; path = ContentView.swift; sourceTree = "<group>"; };
		EEEF4B862B81FAFF00CD455C /* Assets.xcassets */ = {isa = PBXFileReference; lastKnownFileType = folder.assetcatalog; path = Assets.xcassets; sourceTree = "<group>"; };
		EEEF4B892B81FAFF00CD455C /* Preview Assets.xcassets */ = {isa = PBXFileReference; lastKnownFileType = folder.assetcatalog; path = "Preview Assets.xcassets"; sourceTree = "<group>"; };
		EEEF4B902B81FB9100CD455C /* 1.mp3 */ = {isa = PBXFileReference; lastKnownFileType = audio.mp3; path = 1.mp3; sourceTree = "<group>"; };
		EEEF4B912B81FB9200CD455C /* 2.png */ = {isa = PBXFileReference; lastKnownFileType = image.png; path = 2.png; sourceTree = "<group>"; };
		EEEF4B922B81FB9200CD455C /* 1.png */ = {isa = PBXFileReference; lastKnownFileType = image.png; path = 1.png; sourceTree = "<group>"; };
		EEEF4B932B81FB9200CD455C /* 4.mp3 */ = {isa = PBXFileReference; lastKnownFileType = audio.mp3; path = 4.mp3; sourceTree = "<group>"; };
		EEEF4B942B81FB9200CD455C /* 3.mp3 */ = {isa = PBXFileReference; lastKnownFileType = audio.mp3; path = 3.mp3; sourceTree = "<group>"; };
		EEEF4B952B81FB9200CD455C /* 3.png */ = {isa = PBXFileReference; lastKnownFileType = image.png; path = 3.png; sourceTree = "<group>"; };
		EEEF4B962B81FB9200CD455C /* 4.png */ = {isa = PBXFileReference; lastKnownFileType = image.png; path = 4.png; sourceTree = "<group>"; };
		EEEF4B972B81FB9300CD455C /* 2.mp3 */ = {isa = PBXFileReference; lastKnownFileType = audio.mp3; path = 2.mp3; sourceTree = "<group>"; };
		EEEF4BA02B81FC3700CD455C /* SongInformation.swift */ = {isa = PBXFileReference; lastKnownFileType = sourcecode.swift; path = SongInformation.swift; sourceTree = "<group>"; };
		EEEF4BA42B81FD1E00CD455C /* SongView.swift */ = {isa = PBXFileReference; lastKnownFileType = sourcecode.swift; path = SongView.swift; sourceTree = "<group>"; };
/* End PBXFileReference section */

/* Begin PBXFrameworksBuildPhase section */
		EEEF4B7C2B81FAFC00CD455C /* Frameworks */ = {
			isa = PBXFrameworksBuildPhase;
			buildActionMask = 2147483647;
			files = (
			);
			runOnlyForDeploymentPostprocessing = 0;
		};
/* End PBXFrameworksBuildPhase section */

/* Begin PBXGroup section */
		EEEF4B762B81FAFC00CD455C = {
			isa = PBXGroup;
			children = (
				EEEF4B812B81FAFC00CD455C /* MyPlayList */,
				EEEF4B802B81FAFC00CD455C /* Products */,
			);
			sourceTree = "<group>";
		};
		EEEF4B802B81FAFC00CD455C /* Products */ = {
			isa = PBXGroup;
			children = (
				EEEF4B7F2B81FAFC00CD455C /* MyPlayList.app */,
			);
			name = Products;
			sourceTree = "<group>";
		};
		EEEF4B812B81FAFC00CD455C /* MyPlayList */ = {
			isa = PBXGroup;
			children = (
				EEEF4B822B81FAFC00CD455C /* MyPlayListApp.swift */,
				EEEF4B842B81FAFC00CD455C /* ContentView.swift */,
				EEEF4B862B81FAFF00CD455C /* Assets.xcassets */,
				EEEF4B902B81FB9100CD455C /* 1.mp3 */,
				EEEF4B922B81FB9200CD455C /* 1.png */,
				EEEF4B972B81FB9300CD455C /* 2.mp3 */,
				EEEF4B912B81FB9200CD455C /* 2.png */,
				EEEF4B942B81FB9200CD455C /* 3.mp3 */,
				EEEF4B952B81FB9200CD455C /* 3.png */,
				EEEF4B932B81FB9200CD455C /* 4.mp3 */,
				EEEF4B962B81FB9200CD455C /* 4.png */,
				EEEF4B882B81FAFF00CD455C /* Preview Content */,
				EEEF4BA02B81FC3700CD455C /* SongInformation.swift */,
				EEEF4BA42B81FD1E00CD455C /* SongView.swift */,
			);
			path = MyPlayList;
			sourceTree = "<group>";
		};
		EEEF4B882B81FAFF00CD455C /* Preview Content */ = {
			isa = PBXGroup;
			children = (
				EEEF4B892B81FAFF00CD455C /* Preview Assets.xcassets */,
			);
			path = "Preview Content";
			sourceTree = "<group>";
		};
/* End PBXGroup section */

/* Begin PBXNativeTarget section */
		EEEF4B7E2B81FAFC00CD455C /* MyPlayList */ = {
			isa = PBXNativeTarget;
			buildConfigurationList = EEEF4B8D2B81FAFF00CD455C /* Build configuration list for PBXNativeTarget "MyPlayList" */;
			buildPhases = (
				EEEF4B7B2B81FAFC00CD455C /* Sources */,
				EEEF4B7C2B81FAFC00CD455C /* Frameworks */,
				EEEF4B7D2B81FAFC00CD455C /* Resources */,
			);
			buildRules = (
			);
			dependencies = (
			);
			name = MyPlayList;
			productName = MyPlayList;
			productReference = EEEF4B7F2B81FAFC00CD455C /* MyPlayList.app */;
			productType = "com.apple.product-type.application";
		};
/* End PBXNativeTarget section */

/* Begin PBXProject section */
		EEEF4B772B81FAFC00CD455C /* Project object */ = {
			isa = PBXProject;
			attributes = {
				BuildIndependentTargetsInParallel = 1;
				LastSwiftUpdateCheck = 1430;
				LastUpgradeCheck = 1430;
				TargetAttributes = {
					EEEF4B7E2B81FAFC00CD455C = {
						CreatedOnToolsVersion = 14.3.1;
					};
				};
			};
			buildConfigurationList = EEEF4B7A2B81FAFC00CD455C /* Build configuration list for PBXProject "MyPlayList" */;
			compatibilityVersion = "Xcode 14.0";
			developmentRegion = en;
			hasScannedForEncodings = 0;
			knownRegions = (
				en,
				Base,
			);
			mainGroup = EEEF4B762B81FAFC00CD455C;
			productRefGroup = EEEF4B802B81FAFC00CD455C /* Products */;
			projectDirPath = "";
			projectRoot = "";
			targets = (
				EEEF4B7E2B81FAFC00CD455C /* MyPlayList */,
			);
		};
/* End PBXProject section */

/* Begin PBXResourcesBuildPhase section */
		EEEF4B7D2B81FAFC00CD455C /* Resources */ = {
			isa = PBXResourcesBuildPhase;
			buildActionMask = 2147483647;
			files = (
				EEEF4B9E2B81FB9300CD455C /* 4.png in Resources */,
				EEEF4B982B81FB9300CD455C /* 1.mp3 in Resources */,
				EEEF4B9C2B81FB9300CD455C /* 3.mp3 in Resources */,
				EEEF4B8A2B81FAFF00CD455C /* Preview Assets.xcassets in Resources */,
				EEEF4B9D2B81FB9300CD455C /* 3.png in Resources */,
				EEEF4B992B81FB9300CD455C /* 2.png in Resources */,
				EEEF4B9B2B81FB9300CD455C /* 4.mp3 in Resources */,
				EEEF4B9F2B81FB9300CD455C /* 2.mp3 in Resources */,
				EEEF4B872B81FAFF00CD455C /* Assets.xcassets in Resources */,
				EEEF4B9A2B81FB9300CD455C /* 1.png in Resources */,
			);
			runOnlyForDeploymentPostprocessing = 0;
		};
/* End PBXResourcesBuildPhase section */

/* Begin PBXSourcesBuildPhase section */
		EEEF4B7B2B81FAFC00CD455C /* Sources */ = {
			isa = PBXSourcesBuildPhase;
			buildActionMask = 2147483647;
			files = (
				EEEF4BA12B81FC3700CD455C /* SongInformation.swift in Sources */,
				EEEF4B852B81FAFC00CD455C /* ContentView.swift in Sources */,
				EEEF4B832B81FAFC00CD455C /* MyPlayListApp.swift in Sources */,
				EEEF4BA52B81FD1E00CD455C /* SongView.swift in Sources */,
			);
			runOnlyForDeploymentPostprocessing = 0;
		};
/* End PBXSourcesBuildPhase section */

/* Begin XCBuildConfiguration section */
		EEEF4B8B2B81FAFF00CD455C /* Debug */ = {
			isa = XCBuildConfiguration;
			buildSettings = {
				ALWAYS_SEARCH_USER_PATHS = NO;
				CLANG_ANALYZER_NONNULL = YES;
				CLANG_ANALYZER_NUMBER_OBJECT_CONVERSION = YES_AGGRESSIVE;
				CLANG_CXX_LANGUAGE_STANDARD = "gnu++20";
				CLANG_ENABLE_MODULES = YES;
				CLANG_ENABLE_OBJC_ARC = YES;
				CLANG_ENABLE_OBJC_WEAK = YES;
				CLANG_WARN_BLOCK_CAPTURE_AUTORELEASING = YES;
				CLANG_WARN_BOOL_CONVERSION = YES;
				CLANG_WARN_COMMA = YES;
				CLANG_WARN_CONSTANT_CONVERSION = YES;
				CLANG_WARN_DEPRECATED_OBJC_IMPLEMENTATIONS = YES;
				CLANG_WARN_DIRECT_OBJC_ISA_USAGE = YES_ERROR;
				CLANG_WARN_DOCUMENTATION_COMMENTS = YES;
				CLANG_WARN_EMPTY_BODY = YES;
				CLANG_WARN_ENUM_CONVERSION = YES;
				CLANG_WARN_INFINITE_RECURSION = YES;
				CLANG_WARN_INT_CONVERSION = YES;
				CLANG_WARN_NON_LITERAL_NULL_CONVERSION = YES;
				CLANG_WARN_OBJC_IMPLICIT_RETAIN_SELF = YES;
				CLANG_WARN_OBJC_LITERAL_CONVERSION = YES;
				CLANG_WARN_OBJC_ROOT_CLASS = YES_ERROR;
				CLANG_WARN_QUOTED_INCLUDE_IN_FRAMEWORK_HEADER = YES;
				CLANG_WARN_RANGE_LOOP_ANALYSIS = YES;
				CLANG_WARN_STRICT_PROTOTYPES = YES;
				CLANG_WARN_SUSPICIOUS_MOVE = YES;
				CLANG_WARN_UNGUARDED_AVAILABILITY = YES_AGGRESSIVE;
				CLANG_WARN_UNREACHABLE_CODE = YES;
				CLANG_WARN__DUPLICATE_METHOD_MATCH = YES;
				COPY_PHASE_STRIP = NO;
				DEBUG_INFORMATION_FORMAT = dwarf;
				ENABLE_STRICT_OBJC_MSGSEND = YES;
				ENABLE_TESTABILITY = YES;
				GCC_C_LANGUAGE_STANDARD = gnu11;
				GCC_DYNAMIC_NO_PIC = NO;
				GCC_NO_COMMON_BLOCKS = YES;
				GCC_OPTIMIZATION_LEVEL = 0;
				GCC_PREPROCESSOR_DEFINITIONS = (
					"DEBUG=1",
					"$(inherited)",
				);
				GCC_WARN_64_TO_32_BIT_CONVERSION = YES;
				GCC_WARN_ABOUT_RETURN_TYPE = YES_ERROR;
				GCC_WARN_UNDECLARED_SELECTOR = YES;
				GCC_WARN_UNINITIALIZED_AUTOS = YES_AGGRESSIVE;
				GCC_WARN_UNUSED_FUNCTION = YES;
				GCC_WARN_UNUSED_VARIABLE = YES;
				IPHONEOS_DEPLOYMENT_TARGET = 16.4;
				MTL_ENABLE_DEBUG_INFO = INCLUDE_SOURCE;
				MTL_FAST_MATH = YES;
				ONLY_ACTIVE_ARCH = YES;
				SDKROOT = iphoneos;
				SWIFT_ACTIVE_COMPILATION_CONDITIONS = DEBUG;
				SWIFT_OPTIMIZATION_LEVEL = "-Onone";
			};
			name = Debug;
		};
		EEEF4B8C2B81FAFF00CD455C /* Release */ = {
			isa = XCBuildConfiguration;
			buildSettings = {
				ALWAYS_SEARCH_USER_PATHS = NO;
				CLANG_ANALYZER_NONNULL = YES;
				CLANG_ANALYZER_NUMBER_OBJECT_CONVERSION = YES_AGGRESSIVE;
				CLANG_CXX_LANGUAGE_STANDARD = "gnu++20";
				CLANG_ENABLE_MODULES = YES;
				CLANG_ENABLE_OBJC_ARC = YES;
				CLANG_ENABLE_OBJC_WEAK = YES;
				CLANG_WARN_BLOCK_CAPTURE_AUTORELEASING = YES;
				CLANG_WARN_BOOL_CONVERSION = YES;
				CLANG_WARN_COMMA = YES;
				CLANG_WARN_CONSTANT_CONVERSION = YES;
				CLANG_WARN_DEPRECATED_OBJC_IMPLEMENTATIONS = YES;
				CLANG_WARN_DIRECT_OBJC_ISA_USAGE = YES_ERROR;
				CLANG_WARN_DOCUMENTATION_COMMENTS = YES;
				CLANG_WARN_EMPTY_BODY = YES;
				CLANG_WARN_ENUM_CONVERSION = YES;
				CLANG_WARN_INFINITE_RECURSION = YES;
				CLANG_WARN_INT_CONVERSION = YES;
				CLANG_WARN_NON_LITERAL_NULL_CONVERSION = YES;
				CLANG_WARN_OBJC_IMPLICIT_RETAIN_SELF = YES;
				CLANG_WARN_OBJC_LITERAL_CONVERSION = YES;
				CLANG_WARN_OBJC_ROOT_CLASS = YES_ERROR;
				CLANG_WARN_QUOTED_INCLUDE_IN_FRAMEWORK_HEADER = YES;
				CLANG_WARN_RANGE_LOOP_ANALYSIS = YES;
				CLANG_WARN_STRICT_PROTOTYPES = YES;
				CLANG_WARN_SUSPICIOUS_MOVE = YES;
				CLANG_WARN_UNGUARDED_AVAILABILITY = YES_AGGRESSIVE;
				CLANG_WARN_UNREACHABLE_CODE = YES;
				CLANG_WARN__DUPLICATE_METHOD_MATCH = YES;
				COPY_PHASE_STRIP = NO;
				DEBUG_INFORMATION_FORMAT = "dwarf-with-dsym";
				ENABLE_NS_ASSERTIONS = NO;
				ENABLE_STRICT_OBJC_MSGSEND = YES;
				GCC_C_LANGUAGE_STANDARD = gnu11;
				GCC_NO_COMMON_BLOCKS = YES;
				GCC_WARN_64_TO_32_BIT_CONVERSION = YES;
				GCC_WARN_ABOUT_RETURN_TYPE = YES_ERROR;
				GCC_WARN_UNDECLARED_SELECTOR = YES;
				GCC_WARN_UNINITIALIZED_AUTOS = YES_AGGRESSIVE;
				GCC_WARN_UNUSED_FUNCTION = YES;
				GCC_WARN_UNUSED_VARIABLE = YES;
				IPHONEOS_DEPLOYMENT_TARGET = 16.4;
				MTL_ENABLE_DEBUG_INFO = NO;
				MTL_FAST_MATH = YES;
				SDKROOT = iphoneos;
				SWIFT_COMPILATION_MODE = wholemodule;
				SWIFT_OPTIMIZATION_LEVEL = "-O";
				VALIDATE_PRODUCT = YES;
			};
			name = Release;
		};
		EEEF4B8E2B81FAFF00CD455C /* Debug */ = {
			isa = XCBuildConfiguration;
			buildSettings = {
				ASSETCATALOG_COMPILER_APPICON_NAME = AppIcon;
				ASSETCATALOG_COMPILER_GLOBAL_ACCENT_COLOR_NAME = AccentColor;
				CODE_SIGN_STYLE = Automatic;
				CURRENT_PROJECT_VERSION = 1;
				DEVELOPMENT_ASSET_PATHS = "\"MyPlayList/Preview Content\"";
				ENABLE_PREVIEWS = YES;
				GENERATE_INFOPLIST_FILE = YES;
				INFOPLIST_KEY_UIApplicationSceneManifest_Generation = YES;
				INFOPLIST_KEY_UIApplicationSupportsIndirectInputEvents = YES;
				INFOPLIST_KEY_UILaunchScreen_Generation = YES;
				INFOPLIST_KEY_UISupportedInterfaceOrientations_iPad = "UIInterfaceOrientationPortrait UIInterfaceOrientationPortraitUpsideDown UIInterfaceOrientationLandscapeLeft UIInterfaceOrientationLandscapeRight";
				INFOPLIST_KEY_UISupportedInterfaceOrientations_iPhone = "UIInterfaceOrientationPortrait UIInterfaceOrientationLandscapeLeft UIInterfaceOrientationLandscapeRight";
				LD_RUNPATH_SEARCH_PATHS = (
					"$(inherited)",
					"@executable_path/Frameworks",
				);
				MARKETING_VERSION = 1.0;
				PRODUCT_BUNDLE_IDENTIFIER = "com.one-dek.app.MyPlayList";
				PRODUCT_NAME = "$(TARGET_NAME)";
				SWIFT_EMIT_LOC_STRINGS = YES;
				SWIFT_VERSION = 5.0;
				TARGETED_DEVICE_FAMILY = "1,2";
			};
			name = Debug;
		};
		EEEF4B8F2B81FAFF00CD455C /* Release */ = {
			isa = XCBuildConfiguration;
			buildSettings = {
				ASSETCATALOG_COMPILER_APPICON_NAME = AppIcon;
				ASSETCATALOG_COMPILER_GLOBAL_ACCENT_COLOR_NAME = AccentColor;
				CODE_SIGN_STYLE = Automatic;
				CURRENT_PROJECT_VERSION = 1;
				DEVELOPMENT_ASSET_PATHS = "\"MyPlayList/Preview Content\"";
				ENABLE_PREVIEWS = YES;
				GENERATE_INFOPLIST_FILE = YES;
				INFOPLIST_KEY_UIApplicationSceneManifest_Generation = YES;
				INFOPLIST_KEY_UIApplicationSupportsIndirectInputEvents = YES;
				INFOPLIST_KEY_UILaunchScreen_Generation = YES;
				INFOPLIST_KEY_UISupportedInterfaceOrientations_iPad = "UIInterfaceOrientationPortrait UIInterfaceOrientationPortraitUpsideDown UIInterfaceOrientationLandscapeLeft UIInterfaceOrientationLandscapeRight";
				INFOPLIST_KEY_UISupportedInterfaceOrientations_iPhone = "UIInterfaceOrientationPortrait UIInterfaceOrientationLandscapeLeft UIInterfaceOrientationLandscapeRight";
				LD_RUNPATH_SEARCH_PATHS = (
					"$(inherited)",
					"@executable_path/Frameworks",
				);
				MARKETING_VERSION = 1.0;
				PRODUCT_BUNDLE_IDENTIFIER = "com.one-dek.app.MyPlayList";
				PRODUCT_NAME = "$(TARGET_NAME)";
				SWIFT_EMIT_LOC_STRINGS = YES;
				SWIFT_VERSION = 5.0;
				TARGETED_DEVICE_FAMILY = "1,2";
			};
			name = Release;
		};
/* End XCBuildConfiguration section */

/* Begin XCConfigurationList section */
		EEEF4B7A2B81FAFC00CD455C /* Build configuration list for PBXProject "MyPlayList" */ = {
			isa = XCConfigurationList;
			buildConfigurations = (
				EEEF4B8B2B81FAFF00CD455C /* Debug */,
				EEEF4B8C2B81FAFF00CD455C /* Release */,
			);
			defaultConfigurationIsVisible = 0;
			defaultConfigurationName = Release;
		};
		EEEF4B8D2B81FAFF00CD455C /* Build configuration list for PBXNativeTarget "MyPlayList" */ = {
			isa = XCConfigurationList;
			buildConfigurations = (
				EEEF4B8E2B81FAFF00CD455C /* Debug */,
				EEEF4B8F2B81FAFF00CD455C /* Release */,
			);
			defaultConfigurationIsVisible = 0;
			defaultConfigurationName = Release;
		};
/* End XCConfigurationList section */
	};
	rootObject = EEEF4B772B81FAFC00CD455C /* Project object */;
}
